# THIS IS AN AUTOGENERATED FILE. DO NOT EDIT THIS FILE DIRECTLY.
# yarn lockfile v1


assert-plus@^1.0.0:
  version "1.0.0"
  resolved "https://registry.yarnpkg.com/assert-plus/-/assert-plus-1.0.0.tgz#f12e0f3c5d77b0b1cdd9146942e4e96c1e4dd525"
  integrity sha1-8S4PPF13sLHN2RRpQuTpbB5N1SU=

axios@^0.18.0:
  version "0.18.0"
  resolved "https://registry.yarnpkg.com/axios/-/axios-0.18.0.tgz#32d53e4851efdc0a11993b6cd000789d70c05102"
  integrity sha1-MtU+SFHv3AoRmTts0AB4nXDAUQI=
  dependencies:
    follow-redirects "^1.3.0"
    is-buffer "^1.1.5"

"binaryheap@>= 0.0.3":
  version "0.0.3"
  resolved "https://registry.yarnpkg.com/binaryheap/-/binaryheap-0.0.3.tgz#0d6136c84e9f1a5a90c0b97178c3e00df59820d6"
  integrity sha1-DWE2yE6fGlqQwLlxeMPgDfWYINY=

"buffercursor@>= 0.0.12":
  version "0.0.12"
  resolved "https://registry.yarnpkg.com/buffercursor/-/buffercursor-0.0.12.tgz#78a9a7f4343ae7d820a8999acc80de591e25a779"
  integrity sha1-eKmn9DQ659ggqJmazIDeWR4lp3k=
  dependencies:
    verror "^1.4.0"

core-util-is@1.0.2:
  version "1.0.2"
  resolved "https://registry.yarnpkg.com/core-util-is/-/core-util-is-1.0.2.tgz#b5fd54220aa2bc5ab57aab7140c940754503c1a7"
  integrity sha1-tf1UIgqivFq1eqtxQMlAdUUDwac=

debug@^3.2.6:
  version "3.2.6"
  resolved "https://registry.yarnpkg.com/debug/-/debug-3.2.6.tgz#e83d17de16d8a7efb7717edbe5fb10135eee629b"
  integrity sha512-mel+jf7nrtEl5Pn1Qx46zARXKDpBbvzezse7p7LqINmdoIk8PYP5SySaxEmYv6TZ0JyEKA1hsCId6DIhgITtWQ==
  dependencies:
    ms "^2.1.1"

extsprintf@^1.2.0:
  version "1.4.0"
  resolved "https://registry.yarnpkg.com/extsprintf/-/extsprintf-1.4.0.tgz#e2689f8f356fad62cca65a3a91c5df5f9551692f"
  integrity sha1-4mifjzVvrWLMplo6kcXfX5VRaS8=

follow-redirects@^1.3.0:
  version "1.7.0"
  resolved "https://registry.yarnpkg.com/follow-redirects/-/follow-redirects-1.7.0.tgz#489ebc198dc0e7f64167bd23b03c4c19b5784c76"
  integrity sha512-m/pZQy4Gj287eNy94nivy5wchN3Kp+Q5WgUPNy5lJSZ3sgkVKSYV/ZChMAQVIgx1SqfZ2zBZtPA2YlXIWxxJOQ==
  dependencies:
    debug "^3.2.6"

ip-regex@^4.0.0:
  version "4.1.0"
  resolved "https://registry.yarnpkg.com/ip-regex/-/ip-regex-4.1.0.tgz#5ad62f685a14edb421abebc2fff8db94df67b455"
  integrity sha512-pKnZpbgCTfH/1NLIlOduP/V+WRXzC2MOz3Qo8xmxk8C5GudJLgK5QyLVXOSWy3ParAH7Eemurl3xjv/WXYFvMA==

"ipaddr.js@>= 0.1.1":
  version "1.9.0"
  resolved "https://registry.yarnpkg.com/ipaddr.js/-/ipaddr.js-1.9.0.tgz#37df74e430a0e47550fe54a2defe30d8acd95f65"
  integrity sha512-M4Sjn6N/+O6/IXSJseKqHoFc+5FdGJ22sXqnjTpdZweHK64MzEPAyQZyEU3R/KRv2GLoa7nNtg/C2Ev6m7z+eA==

ipaddr.js@~0.1.3:
  version "0.1.9"
  resolved "https://registry.yarnpkg.com/ipaddr.js/-/ipaddr.js-0.1.9.tgz#a9c78ccc12dc9010f296ab9aef2f61f432d69efa"
  integrity sha1-qceMzBLckBDylqua7y9h9DLWnvo=

is-buffer@^1.1.5:
  version "1.1.6"
  resolved "https://registry.yarnpkg.com/is-buffer/-/is-buffer-1.1.6.tgz#efaa2ea9daa0d7ab2ea13a97b2b8ad51fefbe8be"
  integrity sha512-NcdALwpXkTm5Zvvbk7owOUSvVvBKDgKP5/ewfXEznmQFfs4ZRmanOeKBTjRVjka3QFoN6XJ+9F3USqfHqTaU5w==

is-ip@^3.0.0:
  version "3.0.0"
  resolved "https://registry.yarnpkg.com/is-ip/-/is-ip-3.0.0.tgz#832e44ba199436ee4d57c23adb8c4061f7989875"
  integrity sha512-Xj8foQ21HBtI+g3LD9vOtedlZ88oN7s2eEFNs5UIHPvkneOU96m1g+mFf6ph5SJjXXGLJNvWhel0XgoI9KpnVQ==
  dependencies:
    ip-regex "^4.0.0"

ms@^2.1.1:
  version "2.1.1"
  resolved "https://registry.yarnpkg.com/ms/-/ms-2.1.1.tgz#30a5864eb3ebb0a66f2ebe6d727af06a09d86e0a"
  integrity sha512-tgp+dl5cGk28utYktBsrFqA7HKgrhgPsg6Z/EfhWI4gl1Hwq8B/GmY/0oXZ6nF8hDVesS/FpnYaD/kOWhYQvyg==

native-dns-cache@~0.0.2:
  version "0.0.2"
  resolved "https://registry.yarnpkg.com/native-dns-cache/-/native-dns-cache-0.0.2.tgz#ce0998f7fdf6c7990970a33190624b0e98ee959b"
  integrity sha1-zgmY9/32x5kJcKMxkGJLDpjulZs=
  dependencies:
    binaryheap ">= 0.0.3"
    native-dns-packet ">= 0.0.1"

"native-dns-packet@>= 0.0.1", native-dns-packet@~0.1.1:
  version "0.1.1"
  resolved "https://registry.yarnpkg.com/native-dns-packet/-/native-dns-packet-0.1.1.tgz#97da90570b8438a00194701ce24d011fd3cc109a"
  integrity sha1-l9qQVwuEOKABlHAc4k0BH9PMEJo=
  dependencies:
    buffercursor ">= 0.0.12"
    ipaddr.js ">= 0.1.1"

native-dns@^0.7.0:
  version "0.7.0"
  resolved "https://registry.yarnpkg.com/native-dns/-/native-dns-0.7.0.tgz#df418636f08fb29e8fcb7ef142c822a1588ba5b7"
  integrity sha1-30GGNvCPsp6Py37xQsgioViLpbc=
  dependencies:
    ipaddr.js "~0.1.3"
    native-dns-cache "~0.0.2"
    native-dns-packet "~0.1.1"

punycode@1.3.2:
  version "1.3.2"
  resolved "https://registry.yarnpkg.com/punycode/-/punycode-1.3.2.tgz#9653a036fb7c1ee42342f2325cceefea3926c48d"
  integrity sha1-llOgNvt8HuQjQvIyXM7v6jkmxI0=

querystring@0.2.0:
  version "0.2.0"
  resolved "https://registry.yarnpkg.com/querystring/-/querystring-0.2.0.tgz#b209849203bb25df820da756e747005878521620"
  integrity sha1-sgmEkgO7Jd+CDadW50cAWHhSFiA=

url@^0.11.0:
  version "0.11.0"
  resolved "https://registry.yarnpkg.com/url/-/url-0.11.0.tgz#3838e97cfc60521eb73c525a8e55bfdd9e2e28f1"
  integrity sha1-ODjpfPxgUh63PFJajlW/3Z4uKPE=
  dependencies:
    punycode "1.3.2"
    querystring "0.2.0"

verror@^1.4.0:
  version "1.10.0"
  resolved "https://registry.yarnpkg.com/verror/-/verror-1.10.0.tgz#3a105ca17053af55d6e270c1f8288682e18da400"
  integrity sha1-OhBcoXBTr1XW4nDB+CiGguGNpAA=
  dependencies:
    assert-plus "^1.0.0"
    core-util-is "1.0.2"
    extsprintf "^1.2.0"
